
Microsoft Visual Studio Solution File, Format Version 12.00
# Visual Studio Version 16
VisualStudioVersion = 16.0.31829.152
MinimumVisualStudioVersion = 10.0.40219.1
Project("{FAE04EC0-301F-11D3-BF4B-00C04F79EFBC}") = "MCD_ArrayListOdev2", "MCD_ArrayListOdev2\MCD_ArrayListOdev2.csproj", "{37B0B510-08B4-446A-8DA9-9FAC2275220A}"
EndProject
Global
	GlobalSection(SolutionConfigurationPlatforms) = preSolution
		Debug|Any CPU = Debug|Any CPU
		Release|Any CPU = Release|Any CPU
	EndGlobalSection
	GlobalSection(ProjectConfigurationPlatforms) = postSolution
		{37B0B510-08B4-446A-8DA9-9FAC2275220A}.Debug|Any CPU.ActiveCfg = Debug|Any CPU
		{37B0B510-08B4-446A-8DA9-9FAC2275220A}.Debug|Any CPU.Build.0 = Debug|Any CPU
		{37B0B510-08B4-446A-8DA9-9FAC2275220A}.Release|Any CPU.ActiveCfg = Release|Any CPU
		{37B0B510-08B4-446A-8DA9-9FAC2275220A}.Release|Any CPU.Build.0 = Release|Any CPU
	EndGlobalSection
	GlobalSection(SolutionProperties) = preSolution
		HideSolutionNode = FALSE
	EndGlobalSection
	GlobalSection(ExtensibilityGlobals) = postSolution
		SolutionGuid = {F780EB14-0B9B-4148-B9E2-29EFBACFECD4}
	EndGlobalSection
EndGlobal
